// !$*UTF8*$!
{
	archiveVersion = 1;
	classes = {
	};
	objectVersion = 50;
	objects = {

/* Begin PBXBuildFile section */
		481220F12571835800A7E822 /* AppDelegate.swift in Sources */ = {isa = PBXBuildFile; fileRef = 481220F02571835800A7E822 /* AppDelegate.swift */; };
		481220F32571835800A7E822 /* SceneDelegate.swift in Sources */ = {isa = PBXBuildFile; fileRef = 481220F22571835800A7E822 /* SceneDelegate.swift */; };
		481220F52571835800A7E822 /* ViewController.swift in Sources */ = {isa = PBXBuildFile; fileRef = 481220F42571835800A7E822 /* ViewController.swift */; };
		481220F82571835800A7E822 /* Main.storyboard in Resources */ = {isa = PBXBuildFile; fileRef = 481220F62571835800A7E822 /* Main.storyboard */; };
		481220FA2571835900A7E822 /* Assets.xcassets in Resources */ = {isa = PBXBuildFile; fileRef = 481220F92571835900A7E822 /* Assets.xcassets */; };
		481220FD2571835900A7E822 /* LaunchScreen.storyboard in Resources */ = {isa = PBXBuildFile; fileRef = 481220FB2571835900A7E822 /* LaunchScreen.storyboard */; };
		481221082571835900A7E822 /* CustomButtonTests.swift in Sources */ = {isa = PBXBuildFile; fileRef = 481221072571835900A7E822 /* CustomButtonTests.swift */; };
		481221132571835900A7E822 /* CustomButtonUITests.swift in Sources */ = {isa = PBXBuildFile; fileRef = 481221122571835900A7E822 /* CustomButtonUITests.swift */; };
		48122124257183A100A7E822 /* MyButton.swift in Sources */ = {isa = PBXBuildFile; fileRef = 48122123257183A000A7E822 /* MyButton.swift */; };
/* End PBXBuildFile section */

/* Begin PBXContainerItemProxy section */
		481221042571835900A7E822 /* PBXContainerItemProxy */ = {
			isa = PBXContainerItemProxy;
			containerPortal = 481220E52571835800A7E822 /* Project object */;
			proxyType = 1;
			remoteGlobalIDString = 481220EC2571835800A7E822;
			remoteInfo = CustomButton;
		};
		4812210F2571835900A7E822 /* PBXContainerItemProxy */ = {
			isa = PBXContainerItemProxy;
			containerPortal = 481220E52571835800A7E822 /* Project object */;
			proxyType = 1;
			remoteGlobalIDString = 481220EC2571835800A7E822;
			remoteInfo = CustomButton;
		};
/* End PBXContainerItemProxy section */

/* Begin PBXFileReference section */
		481220ED2571835800A7E822 /* CustomButton.app */ = {isa = PBXFileReference; explicitFileType = wrapper.application; includeInIndex = 0; path = CustomButton.app; sourceTree = BUILT_PRODUCTS_DIR; };
		481220F02571835800A7E822 /* AppDelegate.swift */ = {isa = PBXFileReference; lastKnownFileType = sourcecode.swift; path = AppDelegate.swift; sourceTree = "<group>"; };
		481220F22571835800A7E822 /* SceneDelegate.swift */ = {isa = PBXFileReference; lastKnownFileType = sourcecode.swift; path = SceneDelegate.swift; sourceTree = "<group>"; };
		481220F42571835800A7E822 /* ViewController.swift */ = {isa = PBXFileReference; lastKnownFileType = sourcecode.swift; path = ViewController.swift; sourceTree = "<group>"; };
		481220F72571835800A7E822 /* Base */ = {isa = PBXFileReference; lastKnownFileType = file.storyboard; name = Base; path = Base.lproj/Main.storyboard; sourceTree = "<group>"; };
		481220F92571835900A7E822 /* Assets.xcassets */ = {isa = PBXFileReference; lastKnownFileType = folder.assetcatalog; path = Assets.xcassets; sourceTree = "<group>"; };
		481220FC2571835900A7E822 /* Base */ = {isa = PBXFileReference; lastKnownFileType = file.storyboard; name = Base; path = Base.lproj/LaunchScreen.storyboard; sourceTree = "<group>"; };
		481220FE2571835900A7E822 /* Info.plist */ = {isa = PBXFileReference; lastKnownFileType = text.plist.xml; path = Info.plist; sourceTree = "<group>"; };
		481221032571835900A7E822 /* CustomButtonTests.xctest */ = {isa = PBXFileReference; explicitFileType = wrapper.cfbundle; includeInIndex = 0; path = CustomButtonTests.xctest; sourceTree = BUILT_PRODUCTS_DIR; };
		481221072571835900A7E822 /* CustomButtonTests.swift */ = {isa = PBXFileReference; lastKnownFileType = sourcecode.swift; path = CustomButtonTests.swift; sourceTree = "<group>"; };
		481221092571835900A7E822 /* Info.plist */ = {isa = PBXFileReference; lastKnownFileType = text.plist.xml; path = Info.plist; sourceTree = "<group>"; };
		4812210E2571835900A7E822 /* CustomButtonUITests.xctest */ = {isa = PBXFileReference; explicitFileType = wrapper.cfbundle; includeInIndex = 0; path = CustomButtonUITests.xctest; sourceTree = BUILT_PRODUCTS_DIR; };
		481221122571835900A7E822 /* CustomButtonUITests.swift */ = {isa = PBXFileReference; lastKnownFileType = sourcecode.swift; path = CustomButtonUITests.swift; sourceTree = "<group>"; };
		481221142571835900A7E822 /* Info.plist */ = {isa = PBXFileReference; lastKnownFileType = text.plist.xml; path = Info.plist; sourceTree = "<group>"; };
		48122123257183A000A7E822 /* MyButton.swift */ = {isa = PBXFileReference; lastKnownFileType = sourcecode.swift; path = MyButton.swift; sourceTree = "<group>"; };
/* End PBXFileReference section */

/* Begin PBXFrameworksBuildPhase section */
		481220EA2571835800A7E822 /* Frameworks */ = {
			isa = PBXFrameworksBuildPhase;
			buildActionMask = 2147483647;
			files = (
			);
			runOnlyForDeploymentPostprocessing = 0;
		};
		481221002571835900A7E822 /* Frameworks */ = {
			isa = PBXFrameworksBuildPhase;
			buildActionMask = 2147483647;
			files = (
			);
			runOnlyForDeploymentPostprocessing = 0;
		};
		4812210B2571835900A7E822 /* Frameworks */ = {
			isa = PBXFrameworksBuildPhase;
			buildActionMask = 2147483647;
			files = (
			);
			runOnlyForDeploymentPostprocessing = 0;
		};
/* End PBXFrameworksBuildPhase section */

/* Begin PBXGroup section */
		481220E42571835800A7E822 = {
			isa = PBXGroup;
			children = (
				481220EF2571835800A7E822 /* CustomButton */,
				481221062571835900A7E822 /* CustomButtonTests */,
				481221112571835900A7E822 /* CustomButtonUITests */,
				481220EE2571835800A7E822 /* Products */,
			);
			sourceTree = "<group>";
		};
		481220EE2571835800A7E822 /* Products */ = {
			isa = PBXGroup;
			children = (
				481220ED2571835800A7E822 /* CustomButton.app */,
				481221032571835900A7E822 /* CustomButtonTests.xctest */,
				4812210E2571835900A7E822 /* CustomButtonUITests.xctest */,
			);
			name = Products;
			sourceTree = "<group>";
		};
		481220EF2571835800A7E822 /* CustomButton */ = {
			isa = PBXGroup;
			children = (
				481220F02571835800A7E822 /* AppDelegate.swift */,
				481220F22571835800A7E822 /* SceneDelegate.swift */,
				481220F42571835800A7E822 /* ViewController.swift */,
				48122123257183A000A7E822 /* MyButton.swift */,
				481220F62571835800A7E822 /* Main.storyboard */,
				481220F92571835900A7E822 /* Assets.xcassets */,
				481220FB2571835900A7E822 /* LaunchScreen.storyboard */,
				481220FE2571835900A7E822 /* Info.plist */,
			);
			path = CustomButton;
			sourceTree = "<group>";
		};
		481221062571835900A7E822 /* CustomButtonTests */ = {
			isa = PBXGroup;
			children = (
				481221072571835900A7E822 /* CustomButtonTests.swift */,
				481221092571835900A7E822 /* Info.plist */,
			);
			path = CustomButtonTests;
			sourceTree = "<group>";
		};
		481221112571835900A7E822 /* CustomButtonUITests */ = {
			isa = PBXGroup;
			children = (
				481221122571835900A7E822 /* CustomButtonUITests.swift */,
				481221142571835900A7E822 /* Info.plist */,
			);
			path = CustomButtonUITests;
			sourceTree = "<group>";
		};
/* End PBXGroup section */

/* Begin PBXNativeTarget section */
		481220EC2571835800A7E822 /* CustomButton */ = {
			isa = PBXNativeTarget;
			buildConfigurationList = 481221172571835900A7E822 /* Build configuration list for PBXNativeTarget "CustomButton" */;
			buildPhases = (
				481220E92571835800A7E822 /* Sources */,
				481220EA2571835800A7E822 /* Frameworks */,
				481220EB2571835800A7E822 /* Resources */,
			);
			buildRules = (
			);
			dependencies = (
			);
			name = CustomButton;
			productName = CustomButton;
			productReference = 481220ED2571835800A7E822 /* CustomButton.app */;
			productType = "com.apple.product-type.application";
		};
		481221022571835900A7E822 /* CustomButtonTests */ = {
			isa = PBXNativeTarget;
			buildConfigurationList = 4812211A2571835900A7E822 /* Build configuration list for PBXNativeTarget "CustomButtonTests" */;
			buildPhases = (
				481220FF2571835900A7E822 /* Sources */,
				481221002571835900A7E822 /* Frameworks */,
				481221012571835900A7E822 /* Resources */,
			);
			buildRules = (
			);
			dependencies = (
				481221052571835900A7E822 /* PBXTargetDependency */,
			);
			name = CustomButtonTests;
			productName = CustomButtonTests;
			productReference = 481221032571835900A7E822 /* CustomButtonTests.xctest */;
			productType = "com.apple.product-type.bundle.unit-test";
		};
		4812210D2571835900A7E822 /* CustomButtonUITests */ = {
			isa = PBXNativeTarget;
			buildConfigurationList = 4812211D2571835900A7E822 /* Build configuration list for PBXNativeTarget "CustomButtonUITests" */;
			buildPhases = (
				4812210A2571835900A7E822 /* Sources */,
				4812210B2571835900A7E822 /* Frameworks */,
				4812210C2571835900A7E822 /* Resources */,
			);
			buildRules = (
			);
			dependencies = (
				481221102571835900A7E822 /* PBXTargetDependency */,
			);
			name = CustomButtonUITests;
			productName = CustomButtonUITests;
			productReference = 4812210E2571835900A7E822 /* CustomButtonUITests.xctest */;
			productType = "com.apple.product-type.bundle.ui-testing";
		};
/* End PBXNativeTarget section */

/* Begin PBXProject section */
		481220E52571835800A7E822 /* Project object */ = {
			isa = PBXProject;
			attributes = {
				LastSwiftUpdateCheck = 1220;
				LastUpgradeCheck = 1220;
				TargetAttributes = {
					481220EC2571835800A7E822 = {
						CreatedOnToolsVersion = 12.2;
					};
					481221022571835900A7E822 = {
						CreatedOnToolsVersion = 12.2;
						TestTargetID = 481220EC2571835800A7E822;
					};
					4812210D2571835900A7E822 = {
						CreatedOnToolsVersion = 12.2;
						TestTargetID = 481220EC2571835800A7E822;
					};
				};
			};
			buildConfigurationList = 481220E82571835800A7E822 /* Build configuration list for PBXProject "CustomButton" */;
			compatibilityVersion = "Xcode 9.3";
			developmentRegion = en;
			hasScannedForEncodings = 0;
			knownRegions = (
				en,
				Base,
			);
			mainGroup = 481220E42571835800A7E822;
			productRefGroup = 481220EE2571835800A7E822 /* Products */;
			projectDirPath = "";
			projectRoot = "";
			targets = (
				481220EC2571835800A7E822 /* CustomButton */,
				481221022571835900A7E822 /* CustomButtonTests */,
				4812210D2571835900A7E822 /* CustomButtonUITests */,
			);
		};
/* End PBXProject section */

/* Begin PBXResourcesBuildPhase section */
		481220EB2571835800A7E822 /* Resources */ = {
			isa = PBXResourcesBuildPhase;
			buildActionMask = 2147483647;
			files = (
				481220FD2571835900A7E822 /* LaunchScreen.storyboard in Resources */,
				481220FA2571835900A7E822 /* Assets.xcassets in Resources */,
				481220F82571835800A7E822 /* Main.storyboard in Resources */,
			);
			runOnlyForDeploymentPostprocessing = 0;
		};
		481221012571835900A7E822 /* Resources */ = {
			isa = PBXResourcesBuildPhase;
			buildActionMask = 2147483647;
			files = (
			);
			runOnlyForDeploymentPostprocessing = 0;
		};
		4812210C2571835900A7E822 /* Resources */ = {
			isa = PBXResourcesBuildPhase;
			buildActionMask = 2147483647;
			files = (
			);
			runOnlyForDeploymentPostprocessing = 0;
		};
/* End PBXResourcesBuildPhase section */

/* Begin PBXSourcesBuildPhase section */
		481220E92571835800A7E822 /* Sources */ = {
			isa = PBXSourcesBuildPhase;
			buildActionMask = 2147483647;
			files = (
				481220F52571835800A7E822 /* ViewController.swift in Sources */,
				481220F12571835800A7E822 /* AppDelegate.swift in Sources */,
				481220F32571835800A7E822 /* SceneDelegate.swift in Sources */,
				48122124257183A100A7E822 /* MyButton.swift in Sources */,
			);
			runOnlyForDeploymentPostprocessing = 0;
		};
		481220FF2571835900A7E822 /* Sources */ = {
			isa = PBXSourcesBuildPhase;
			buildActionMask = 2147483647;
			files = (
				481221082571835900A7E822 /* CustomButtonTests.swift in Sources */,
			);
			runOnlyForDeploymentPostprocessing = 0;
		};
		4812210A2571835900A7E822 /* Sources */ = {
			isa = PBXSourcesBuildPhase;
			buildActionMask = 2147483647;
			files = (
				481221132571835900A7E822 /* CustomButtonUITests.swift in Sources */,
			);
			runOnlyForDeploymentPostprocessing = 0;
		};
/* End PBXSourcesBuildPhase section */

/* Begin PBXTargetDependency section */
		481221052571835900A7E822 /* PBXTargetDependency */ = {
			isa = PBXTargetDependency;
			target = 481220EC2571835800A7E822 /* CustomButton */;
			targetProxy = 481221042571835900A7E822 /* PBXContainerItemProxy */;
		};
		481221102571835900A7E822 /* PBXTargetDependency */ = {
			isa = PBXTargetDependency;
			target = 481220EC2571835800A7E822 /* CustomButton */;
			targetProxy = 4812210F2571835900A7E822 /* PBXContainerItemProxy */;
		};
/* End PBXTargetDependency section */

/* Begin PBXVariantGroup section */
		481220F62571835800A7E822 /* Main.storyboard */ = {
			isa = PBXVariantGroup;
			children = (
				481220F72571835800A7E822 /* Base */,
			);
			name = Main.storyboard;
			sourceTree = "<group>";
		};
		481220FB2571835900A7E822 /* LaunchScreen.storyboard */ = {
			isa = PBXVariantGroup;
			children = (
				481220FC2571835900A7E822 /* Base */,
			);
			name = LaunchScreen.storyboard;
			sourceTree = "<group>";
		};
/* End PBXVariantGroup section */

/* Begin XCBuildConfiguration section */
		481221152571835900A7E822 /* Debug */ = {
			isa = XCBuildConfiguration;
			buildSettings = {
				ALWAYS_SEARCH_USER_PATHS = NO;
				CLANG_ANALYZER_NONNULL = YES;
				CLANG_ANALYZER_NUMBER_OBJECT_CONVERSION = YES_AGGRESSIVE;
				CLANG_CXX_LANGUAGE_STANDARD = "gnu++14";
				CLANG_CXX_LIBRARY = "libc++";
				CLANG_ENABLE_MODULES = YES;
				CLANG_ENABLE_OBJC_ARC = YES;
				CLANG_ENABLE_OBJC_WEAK = YES;
				CLANG_WARN_BLOCK_CAPTURE_AUTORELEASING = YES;
				CLANG_WARN_BOOL_CONVERSION = YES;
				CLANG_WARN_COMMA = YES;
				CLANG_WARN_CONSTANT_CONVERSION = YES;
				CLANG_WARN_DEPRECATED_OBJC_IMPLEMENTATIONS = YES;
				CLANG_WARN_DIRECT_OBJC_ISA_USAGE = YES_ERROR;
				CLANG_WARN_DOCUMENTATION_COMMENTS = YES;
				CLANG_WARN_EMPTY_BODY = YES;
				CLANG_WARN_ENUM_CONVERSION = YES;
				CLANG_WARN_INFINITE_RECURSION = YES;
				CLANG_WARN_INT_CONVERSION = YES;
				CLANG_WARN_NON_LITERAL_NULL_CONVERSION = YES;
				CLANG_WARN_OBJC_IMPLICIT_RETAIN_SELF = YES;
				CLANG_WARN_OBJC_LITERAL_CONVERSION = YES;
				CLANG_WARN_OBJC_ROOT_CLASS = YES_ERROR;
				CLANG_WARN_QUOTED_INCLUDE_IN_FRAMEWORK_HEADER = YES;
				CLANG_WARN_RANGE_LOOP_ANALYSIS = YES;
				CLANG_WARN_STRICT_PROTOTYPES = YES;
				CLANG_WARN_SUSPICIOUS_MOVE = YES;
				CLANG_WARN_UNGUARDED_AVAILABILITY = YES_AGGRESSIVE;
				CLANG_WARN_UNREACHABLE_CODE = YES;
				CLANG_WARN__DUPLICATE_METHOD_MATCH = YES;
				COPY_PHASE_STRIP = NO;
				DEBUG_INFORMATION_FORMAT = dwarf;
				ENABLE_STRICT_OBJC_MSGSEND = YES;
				ENABLE_TESTABILITY = YES;
				GCC_C_LANGUAGE_STANDARD = gnu11;
				GCC_DYNAMIC_NO_PIC = NO;
				GCC_NO_COMMON_BLOCKS = YES;
				GCC_OPTIMIZATION_LEVEL = 0;
				GCC_PREPROCESSOR_DEFINITIONS = (
					"DEBUG=1",
					"$(inherited)",
				);
				GCC_WARN_64_TO_32_BIT_CONVERSION = YES;
				GCC_WARN_ABOUT_RETURN_TYPE = YES_ERROR;
				GCC_WARN_UNDECLARED_SELECTOR = YES;
				GCC_WARN_UNINITIALIZED_AUTOS = YES_AGGRESSIVE;
				GCC_WARN_UNUSED_FUNCTION = YES;
				GCC_WARN_UNUSED_VARIABLE = YES;
				IPHONEOS_DEPLOYMENT_TARGET = 14.2;
				MTL_ENABLE_DEBUG_INFO = INCLUDE_SOURCE;
				MTL_FAST_MATH = YES;
				ONLY_ACTIVE_ARCH = YES;
				SDKROOT = iphoneos;
				SWIFT_ACTIVE_COMPILATION_CONDITIONS = DEBUG;
				SWIFT_OPTIMIZATION_LEVEL = "-Onone";
			};
			name = Debug;
		};
		481221162571835900A7E822 /* Release */ = {
			isa = XCBuildConfiguration;
			buildSettings = {
				ALWAYS_SEARCH_USER_PATHS = NO;
				CLANG_ANALYZER_NONNULL = YES;
				CLANG_ANALYZER_NUMBER_OBJECT_CONVERSION = YES_AGGRESSIVE;
				CLANG_CXX_LANGUAGE_STANDARD = "gnu++14";
				CLANG_CXX_LIBRARY = "libc++";
				CLANG_ENABLE_MODULES = YES;
				CLANG_ENABLE_OBJC_ARC = YES;
				CLANG_ENABLE_OBJC_WEAK = YES;
				CLANG_WARN_BLOCK_CAPTURE_AUTORELEASING = YES;
				CLANG_WARN_BOOL_CONVERSION = YES;
				CLANG_WARN_COMMA = YES;
				CLANG_WARN_CONSTANT_CONVERSION = YES;
				CLANG_WARN_DEPRECATED_OBJC_IMPLEMENTATIONS = YES;
				CLANG_WARN_DIRECT_OBJC_ISA_USAGE = YES_ERROR;
				CLANG_WARN_DOCUMENTATION_COMMENTS = YES;
				CLANG_WARN_EMPTY_BODY = YES;
				CLANG_WARN_ENUM_CONVERSION = YES;
				CLANG_WARN_INFINITE_RECURSION = YES;
				CLANG_WARN_INT_CONVERSION = YES;
				CLANG_WARN_NON_LITERAL_NULL_CONVERSION = YES;
				CLANG_WARN_OBJC_IMPLICIT_RETAIN_SELF = YES;
				CLANG_WARN_OBJC_LITERAL_CONVERSION = YES;
				CLANG_WARN_OBJC_ROOT_CLASS = YES_ERROR;
				CLANG_WARN_QUOTED_INCLUDE_IN_FRAMEWORK_HEADER = YES;
				CLANG_WARN_RANGE_LOOP_ANALYSIS = YES;
				CLANG_WARN_STRICT_PROTOTYPES = YES;
				CLANG_WARN_SUSPICIOUS_MOVE = YES;
				CLANG_WARN_UNGUARDED_AVAILABILITY = YES_AGGRESSIVE;
				CLANG_WARN_UNREACHABLE_CODE = YES;
				CLANG_WARN__DUPLICATE_METHOD_MATCH = YES;
				COPY_PHASE_STRIP = NO;
				DEBUG_INFORMATION_FORMAT = "dwarf-with-dsym";
				ENABLE_NS_ASSERTIONS = NO;
				ENABLE_STRICT_OBJC_MSGSEND = YES;
				GCC_C_LANGUAGE_STANDARD = gnu11;
				GCC_NO_COMMON_BLOCKS = YES;
				GCC_WARN_64_TO_32_BIT_CONVERSION = YES;
				GCC_WARN_ABOUT_RETURN_TYPE = YES_ERROR;
				GCC_WARN_UNDECLARED_SELECTOR = YES;
				GCC_WARN_UNINITIALIZED_AUTOS = YES_AGGRESSIVE;
				GCC_WARN_UNUSED_FUNCTION = YES;
				GCC_WARN_UNUSED_VARIABLE = YES;
				IPHONEOS_DEPLOYMENT_TARGET = 14.2;
				MTL_ENABLE_DEBUG_INFO = NO;
				MTL_FAST_MATH = YES;
				SDKROOT = iphoneos;
				SWIFT_COMPILATION_MODE = wholemodule;
				SWIFT_OPTIMIZATION_LEVEL = "-O";
				VALIDATE_PRODUCT = YES;
			};
			name = Release;
		};
		481221182571835900A7E822 /* Debug */ = {
			isa = XCBuildConfiguration;
			buildSettings = {
				ASSETCATALOG_COMPILER_APPICON_NAME = AppIcon;
				ASSETCATALOG_COMPILER_GLOBAL_ACCENT_COLOR_NAME = AccentColor;
				CODE_SIGN_STYLE = Automatic;
				INFOPLIST_FILE = CustomButton/Info.plist;
				LD_RUNPATH_SEARCH_PATHS = (
					"$(inherited)",
					"@executable_path/Frameworks",
				);
				PRODUCT_BUNDLE_IDENTIFIER = abner.CustomButton;
				PRODUCT_NAME = "$(TARGET_NAME)";
				SWIFT_VERSION = 5.0;
				TARGETED_DEVICE_FAMILY = "1,2";
			};
			name = Debug;
		};
		481221192571835900A7E822 /* Release */ = {
			isa = XCBuildConfiguration;
			buildSettings = {
				ASSETCATALOG_COMPILER_APPICON_NAME = AppIcon;
				ASSETCATALOG_COMPILER_GLOBAL_ACCENT_COLOR_NAME = AccentColor;
				CODE_SIGN_STYLE = Automatic;
				INFOPLIST_FILE = CustomButton/Info.plist;
				LD_RUNPATH_SEARCH_PATHS = (
					"$(inherited)",
					"@executable_path/Frameworks",
				);
				PRODUCT_BUNDLE_IDENTIFIER = abner.CustomButton;
				PRODUCT_NAME = "$(TARGET_NAME)";
				SWIFT_VERSION = 5.0;
				TARGETED_DEVICE_FAMILY = "1,2";
			};
			name = Release;
		};
		4812211B2571835900A7E822 /* Debug */ = {
			isa = XCBuildConfiguration;
			buildSettings = {
				ALWAYS_EMBED_SWIFT_STANDARD_LIBRARIES = YES;
				BUNDLE_LOADER = "$(TEST_HOST)";
				CODE_SIGN_STYLE = Automatic;
				INFOPLIST_FILE = CustomButtonTests/Info.plist;
				IPHONEOS_DEPLOYMENT_TARGET = 14.2;
				LD_RUNPATH_SEARCH_PATHS = (
					"$(inherited)",
					"@executable_path/Frameworks",
					"@loader_path/Frameworks",
				);
				PRODUCT_BUNDLE_IDENTIFIER = abner.CustomButtonTests;
				PRODUCT_NAME = "$(TARGET_NAME)";
				SWIFT_VERSION = 5.0;
				TARGETED_DEVICE_FAMILY = "1,2";
				TEST_HOST = "$(BUILT_PRODUCTS_DIR)/CustomButton.app/CustomButton";
			};
			name = Debug;
		};
		4812211C2571835900A7E822 /* Release */ = {
			isa = XCBuildConfiguration;
			buildSettings = {
				ALWAYS_EMBED_SWIFT_STANDARD_LIBRARIES = YES;
				BUNDLE_LOADER = "$(TEST_HOST)";
				CODE_SIGN_STYLE = Automatic;
				INFOPLIST_FILE = CustomButtonTests/Info.plist;
				IPHONEOS_DEPLOYMENT_TARGET = 14.2;
				LD_RUNPATH_SEARCH_PATHS = (
					"$(inherited)",
					"@executable_path/Frameworks",
					"@loader_path/Frameworks",
				);
				PRODUCT_BUNDLE_IDENTIFIER = abner.CustomButtonTests;
				PRODUCT_NAME = "$(TARGET_NAME)";
				SWIFT_VERSION = 5.0;
				TARGETED_DEVICE_FAMILY = "1,2";
				TEST_HOST = "$(BUILT_PRODUCTS_DIR)/CustomButton.app/CustomButton";
			};
			name = Release;
		};
		4812211E2571835900A7E822 /* Debug */ = {
			isa = XCBuildConfiguration;
			buildSettings = {
				ALWAYS_EMBED_SWIFT_STANDARD_LIBRARIES = YES;
				CODE_SIGN_STYLE = Automatic;
				INFOPLIST_FILE = CustomButtonUITests/Info.plist;
				LD_RUNPATH_SEARCH_PATHS = (
					"$(inherited)",
					"@executable_path/Frameworks",
					"@loader_path/Frameworks",
				);
				PRODUCT_BUNDLE_IDENTIFIER = abner.CustomButtonUITests;
				PRODUCT_NAME = "$(TARGET_NAME)";
				SWIFT_VERSION = 5.0;
				TARGETED_DEVICE_FAMILY = "1,2";
				TEST_TARGET_NAME = CustomButton;
			};
			name = Debug;
		};
		4812211F2571835900A7E822 /* Release */ = {
			isa = XCBuildConfiguration;
			buildSettings = {
				ALWAYS_EMBED_SWIFT_STANDARD_LIBRARIES = YES;
				CODE_SIGN_STYLE = Automatic;
				INFOPLIST_FILE = CustomButtonUITests/Info.plist;
				LD_RUNPATH_SEARCH_PATHS = (
					"$(inherited)",
					"@executable_path/Frameworks",
					"@loader_path/Frameworks",
				);
				PRODUCT_BUNDLE_IDENTIFIER = abner.CustomButtonUITests;
				PRODUCT_NAME = "$(TARGET_NAME)";
				SWIFT_VERSION = 5.0;
				TARGETED_DEVICE_FAMILY = "1,2";
				TEST_TARGET_NAME = CustomButton;
			};
			name = Release;
		};
/* End XCBuildConfiguration section */

/* Begin XCConfigurationList section */
		481220E82571835800A7E822 /* Build configuration list for PBXProject "CustomButton" */ = {
			isa = XCConfigurationList;
			buildConfigurations = (
				481221152571835900A7E822 /* Debug */,
				481221162571835900A7E822 /* Release */,
			);
			defaultConfigurationIsVisible = 0;
			defaultConfigurationName = Release;
		};
		481221172571835900A7E822 /* Build configuration list for PBXNativeTarget "CustomButton" */ = {
			isa = XCConfigurationList;
			buildConfigurations = (
				481221182571835900A7E822 /* Debug */,
				481221192571835900A7E822 /* Release */,
			);
			defaultConfigurationIsVisible = 0;
			defaultConfigurationName = Release;
		};
		4812211A2571835900A7E822 /* Build configuration list for PBXNativeTarget "CustomButtonTests" */ = {
			isa = XCConfigurationList;
			buildConfigurations = (
				4812211B2571835900A7E822 /* Debug */,
				4812211C2571835900A7E822 /* Release */,
			);
			defaultConfigurationIsVisible = 0;
			defaultConfigurationName = Release;
		};
		4812211D2571835900A7E822 /* Build configuration list for PBXNativeTarget "CustomButtonUITests" */ = {
			isa = XCConfigurationList;
			buildConfigurations = (
				4812211E2571835900A7E822 /* Debug */,
				4812211F2571835900A7E822 /* Release */,
			);
			defaultConfigurationIsVisible = 0;
			defaultConfigurationName = Release;
		};
/* End XCConfigurationList section */
	};
	rootObject = 481220E52571835800A7E822 /* Project object */;
}
